// !$*UTF8*$!
{
	archiveVersion = 1;
	classes = {
	};
	objectVersion = 52;
	objects = {

/* Begin PBXBuildFile section */
		9B13AE9A277BDAD20080D560 /* BubbleReceived.swift in Sources */ = {isa = PBXBuildFile; fileRef = 9B13AE99277BDAD10080D560 /* BubbleReceived.swift */; };
		9B13AE9C277BDE390080D560 /* ChatBubble.swift in Sources */ = {isa = PBXBuildFile; fileRef = 9B13AE9B277BDE390080D560 /* ChatBubble.swift */; };
		9B13AE9E277BE7760080D560 /* BubbleSend.swift in Sources */ = {isa = PBXBuildFile; fileRef = 9B13AE9D277BE7760080D560 /* BubbleSend.swift */; };
		9B13AEA0277C00120080D560 /* BubleImage.swift in Sources */ = {isa = PBXBuildFile; fileRef = 9B13AE9F277C00120080D560 /* BubleImage.swift */; };
		9B13AEA2277CA9390080D560 /* ChatHeader.swift in Sources */ = {isa = PBXBuildFile; fileRef = 9B13AEA1277CA9390080D560 /* ChatHeader.swift */; };
		9B13AEA5277E7ABA0080D560 /* Alamofire in Frameworks */ = {isa = PBXBuildFile; productRef = 9B13AEA4277E7ABA0080D560 /* Alamofire */; };
		9B13AEA7277F7EE30080D560 /* UimageExtensions.swift in Sources */ = {isa = PBXBuildFile; fileRef = 9B13AEA6277F7EE20080D560 /* UimageExtensions.swift */; };
		9B198E97277A39F300DC79E5 /* PhotoModelCacheManager.swift in Sources */ = {isa = PBXBuildFile; fileRef = 9B198E96277A39F300DC79E5 /* PhotoModelCacheManager.swift */; };
		9B198E99277A3B3100DC79E5 /* PhotoModelFileManager.swift in Sources */ = {isa = PBXBuildFile; fileRef = 9B198E98277A3B3100DC79E5 /* PhotoModelFileManager.swift */; };
		9B198E9C277A623300DC79E5 /* ChatViewModal.swift in Sources */ = {isa = PBXBuildFile; fileRef = 9B198E9B277A623300DC79E5 /* ChatViewModal.swift */; };
		9B1BEC222707ACFB00370896 /* go2dispatch.xcdatamodeld in Sources */ = {isa = PBXBuildFile; fileRef = 9B1BEC202707ACFA00370896 /* go2dispatch.xcdatamodeld */; };
		9B1BEC252707C77A00370896 /* Persistence.swift in Sources */ = {isa = PBXBuildFile; fileRef = 9B1BEC242707C77A00370896 /* Persistence.swift */; };
		9B1BEC272707CA6900370896 /* ApiChat.swift in Sources */ = {isa = PBXBuildFile; fileRef = 9B1BEC262707CA6900370896 /* ApiChat.swift */; };
		9B1BEC2D270BD76000370896 /* Service.swift in Sources */ = {isa = PBXBuildFile; fileRef = 9B1BEC2C270BD76000370896 /* Service.swift */; };
		9B1BEC30270FC91100370896 /* SocketIO in Frameworks */ = {isa = PBXBuildFile; productRef = 9B1BEC2F270FC91100370896 /* SocketIO */; };
		9B1BEC322710981700370896 /* NewChatView.swift in Sources */ = {isa = PBXBuildFile; fileRef = 9B1BEC312710981700370896 /* NewChatView.swift */; };
		9B213DD2276D5A0C006CC10E /* ChatsView+ServiceProtocol.swift in Sources */ = {isa = PBXBuildFile; fileRef = 9B213DD1276D5A0C006CC10E /* ChatsView+ServiceProtocol.swift */; };
		9B213DD4276D69FD006CC10E /* ChatsViewModelHandleChat.swift in Sources */ = {isa = PBXBuildFile; fileRef = 9B213DD3276D69FD006CC10E /* ChatsViewModelHandleChat.swift */; };
		9B213DD6276D6A74006CC10E /* ServiceHandlerEvento.swift in Sources */ = {isa = PBXBuildFile; fileRef = 9B213DD5276D6A74006CC10E /* ServiceHandlerEvento.swift */; };
		9B213DD9277510EF006CC10E /* CameraCaptureViewController.swift in Sources */ = {isa = PBXBuildFile; fileRef = 9B213DD8277510EE006CC10E /* CameraCaptureViewController.swift */; };
		9B213DDB27792B48006CC10E /* LocalFileManager.swift in Sources */ = {isa = PBXBuildFile; fileRef = 9B213DDA27792B47006CC10E /* LocalFileManager.swift */; };
		9B213DDE27797874006CC10E /* StorageCache.swift in Sources */ = {isa = PBXBuildFile; fileRef = 9B213DDD27797874006CC10E /* StorageCache.swift */; };
		9B2C9A9126D6BAF500D80185 /* ChatRooms.swift in Sources */ = {isa = PBXBuildFile; fileRef = 9B2C9A9026D6BAF400D80185 /* ChatRooms.swift */; };
		9B2C9A9426D6CC5400D80185 /* Driver.swift in Sources */ = {isa = PBXBuildFile; fileRef = 9B2C9A9326D6CC5400D80185 /* Driver.swift */; };
		9B2C9A9726D6CE8800D80185 /* ViewModel.swift in Sources */ = {isa = PBXBuildFile; fileRef = 9B2C9A9626D6CE8800D80185 /* ViewModel.swift */; };
		9B2C9A9926D6D41900D80185 /* GamesView.swift in Sources */ = {isa = PBXBuildFile; fileRef = 9B2C9A9826D6D41900D80185 /* GamesView.swift */; };
		9B2C9A9C26D6E0F000D80185 /* Kingfisher in Frameworks */ = {isa = PBXBuildFile; productRef = 9B2C9A9B26D6E0F000D80185 /* Kingfisher */; };
		9B2C9A9F26D6E70D00D80185 /* GameView.swift in Sources */ = {isa = PBXBuildFile; fileRef = 9B2C9A9E26D6E70D00D80185 /* GameView.swift */; };
		9B2C9AA126D70E3200D80185 /* Gallery.swift in Sources */ = {isa = PBXBuildFile; fileRef = 9B2C9AA026D70E3200D80185 /* Gallery.swift */; };
		9B2C9AA326D7140100D80185 /* Comentarios.swift in Sources */ = {isa = PBXBuildFile; fileRef = 9B2C9AA226D7140100D80185 /* Comentarios.swift */; };
		9B2C9AA526D72CFF00D80185 /* SearchGame.swift in Sources */ = {isa = PBXBuildFile; fileRef = 9B2C9AA426D72CFF00D80185 /* SearchGame.swift */; };
		9B2C9AA726D73C4D00D80185 /* FavoritesView.swift in Sources */ = {isa = PBXBuildFile; fileRef = 9B2C9AA626D73C4D00D80185 /* FavoritesView.swift */; };
		9B2C9AAB26D7407500D80185 /* ProfilView.swift in Sources */ = {isa = PBXBuildFile; fileRef = 9B2C9AAA26D7407500D80185 /* ProfilView.swift */; };
		9B2C9AAD26D7DBAC00D80185 /* EditProfileView.swift in Sources */ = {isa = PBXBuildFile; fileRef = 9B2C9AAC26D7DBAB00D80185 /* EditProfileView.swift */; };
		9B2C9AAF26D7FEA400D80185 /* SaveData.swift in Sources */ = {isa = PBXBuildFile; fileRef = 9B2C9AAE26D7FEA400D80185 /* SaveData.swift */; };
		9B2C9AB226D810C300D80185 /* ApiConfig.swift in Sources */ = {isa = PBXBuildFile; fileRef = 9B2C9AB126D810C300D80185 /* ApiConfig.swift */; };
		9B2C9AB526D811BB00D80185 /* LoginView.swift in Sources */ = {isa = PBXBuildFile; fileRef = 9B2C9AB426D811BB00D80185 /* LoginView.swift */; };
		9B2C9AB726D8134400D80185 /* LoginViewModel.swift in Sources */ = {isa = PBXBuildFile; fileRef = 9B2C9AB626D8134300D80185 /* LoginViewModel.swift */; };
		9B2C9ABA26D8136E00D80185 /* UserModel.swift in Sources */ = {isa = PBXBuildFile; fileRef = 9B2C9AB926D8136E00D80185 /* UserModel.swift */; };
		9B2C9ABC26D8266700D80185 /* SUImagePickerView.swift in Sources */ = {isa = PBXBuildFile; fileRef = 9B2C9ABB26D8266700D80185 /* SUImagePickerView.swift */; };
		9B2C9ABF26D9877B00D80185 /* Extensions.swift in Sources */ = {isa = PBXBuildFile; fileRef = 9B2C9ABE26D9877B00D80185 /* Extensions.swift */; };
		9B3B333926FEA59C0051511D /* MyAppDelegate.swift in Sources */ = {isa = PBXBuildFile; fileRef = 9B3B333826FEA59C0051511D /* MyAppDelegate.swift */; };
		9B4A7B842767ADB200922D46 /* ParseDatosOfSocket.swift in Sources */ = {isa = PBXBuildFile; fileRef = 9B4A7B832767ADB200922D46 /* ParseDatosOfSocket.swift */; };
		9B4A7B88276828A100922D46 /* UtilDate.swift in Sources */ = {isa = PBXBuildFile; fileRef = 9B4A7B87276828A000922D46 /* UtilDate.swift */; };
		9B74F3A82730DF5100457043 /* MultimodeView.swift in Sources */ = {isa = PBXBuildFile; fileRef = 9B74F3A72730DF5100457043 /* MultimodeView.swift */; };
		9B74F3AB2731CDD800457043 /* ChatDataManager.swift in Sources */ = {isa = PBXBuildFile; fileRef = 9B74F3AA2731CDD800457043 /* ChatDataManager.swift */; };
		9B7FBB7E271E6254004629A7 /* AlertToast.swift in Sources */ = {isa = PBXBuildFile; fileRef = 9B7FBB7D271E6254004629A7 /* AlertToast.swift */; };
		9B90B4D82761632F001E6801 /* NotificationView.swift in Sources */ = {isa = PBXBuildFile; fileRef = 9B90B4D72761632F001E6801 /* NotificationView.swift */; };
		9B90B4DB2762B161001E6801 /* Trip_ListView.swift in Sources */ = {isa = PBXBuildFile; fileRef = 9B90B4DA2762B15F001E6801 /* Trip_ListView.swift */; };
		9B90B4DE2762B1DA001E6801 /* TripModel.swift in Sources */ = {isa = PBXBuildFile; fileRef = 9B90B4DD2762B1DA001E6801 /* TripModel.swift */; };
		9B90B4E02762BECA001E6801 /* TripListViewModel.swift in Sources */ = {isa = PBXBuildFile; fileRef = 9B90B4DF2762BECA001E6801 /* TripListViewModel.swift */; };
		9B90B4E62762FB6B001E6801 /* Chata_data_Messaage.swift in Sources */ = {isa = PBXBuildFile; fileRef = 9B90B4E52762FB6B001E6801 /* Chata_data_Messaage.swift */; };
		9B90B4E927630225001E6801 /* ApiChatMessage.swift in Sources */ = {isa = PBXBuildFile; fileRef = 9B90B4E827630225001E6801 /* ApiChatMessage.swift */; };
		9B90B4EC2763085C001E6801 /* ChatsViewModelMessage.swift in Sources */ = {isa = PBXBuildFile; fileRef = 9B90B4EB2763085C001E6801 /* ChatsViewModelMessage.swift */; };
		9B90B4EE2763D321001E6801 /* UserStateViewModel.swift in Sources */ = {isa = PBXBuildFile; fileRef = 9B90B4ED2763D321001E6801 /* UserStateViewModel.swift */; };
		9B950EC0277A088500145738 /* ChatAllUserService.swift in Sources */ = {isa = PBXBuildFile; fileRef = 9B950EBF277A088500145738 /* ChatAllUserService.swift */; };
		9B950EC2277A089B00145738 /* ChatAllUserViewModel.swift in Sources */ = {isa = PBXBuildFile; fileRef = 9B950EC1277A089B00145738 /* ChatAllUserViewModel.swift */; };
		9B950EC4277A229600145738 /* ChatRoomAll.swift in Sources */ = {isa = PBXBuildFile; fileRef = 9B950EC3277A229600145738 /* ChatRoomAll.swift */; };
		9B950EC7277A2FA400145738 /* DownloadingImageView.swift in Sources */ = {isa = PBXBuildFile; fileRef = 9B950EC6277A2FA400145738 /* DownloadingImageView.swift */; };
		9B950EC9277A2FDF00145738 /* ImageLoadingViewModel.swift in Sources */ = {isa = PBXBuildFile; fileRef = 9B950EC8277A2FDF00145738 /* ImageLoadingViewModel.swift */; };
		9BB878DD272A459700B7D95B /* GetLocation.swift in Sources */ = {isa = PBXBuildFile; fileRef = 9BB878DC272A459700B7D95B /* GetLocation.swift */; };
		9BB878DF272A45F000B7D95B /* TimeClockView.swift in Sources */ = {isa = PBXBuildFile; fileRef = 9BB878DE272A45F000B7D95B /* TimeClockView.swift */; };
		9BB878E6272B3B3A00B7D95B /* TimeClockHeader.swift in Sources */ = {isa = PBXBuildFile; fileRef = 9BB878E5272B3B3900B7D95B /* TimeClockHeader.swift */; };
		9BB878E8272B3B6F00B7D95B /* TimeClockFooter.swift in Sources */ = {isa = PBXBuildFile; fileRef = 9BB878E7272B3B6F00B7D95B /* TimeClockFooter.swift */; };
		9BB878EA272B3B9200B7D95B /* TimeClockRow.swift in Sources */ = {isa = PBXBuildFile; fileRef = 9BB878E9272B3B9200B7D95B /* TimeClockRow.swift */; };
		9BB878ED272B3CA400B7D95B /* TimeClockViemModel.swift in Sources */ = {isa = PBXBuildFile; fileRef = 9BB878EC272B3CA400B7D95B /* TimeClockViemModel.swift */; };
		9BB878EF272B3D3F00B7D95B /* ApiTimeClock.swift in Sources */ = {isa = PBXBuildFile; fileRef = 9BB878EE272B3D3F00B7D95B /* ApiTimeClock.swift */; };
		9BB878F2272B3D7000B7D95B /* TimeClockModel.swift in Sources */ = {isa = PBXBuildFile; fileRef = 9BB878F1272B3D7000B7D95B /* TimeClockModel.swift */; };
		9BB878F5272B5EA600B7D95B /* CurentGps.swift in Sources */ = {isa = PBXBuildFile; fileRef = 9BB878F4272B5EA600B7D95B /* CurentGps.swift */; };
		9BB87904272B797100B7D95B /* SwiftLocation in Frameworks */ = {isa = PBXBuildFile; productRef = 9BB87903272B797100B7D95B /* SwiftLocation */; };
		9BBE74B5270293BD009F85D2 /* iPhoneNumberField in Frameworks */ = {isa = PBXBuildFile; productRef = 9BBE74B4270293BD009F85D2 /* iPhoneNumberField */; };
		9BBE74B7270299D0009F85D2 /* CodeVerifyView.swift in Sources */ = {isa = PBXBuildFile; fileRef = 9BBE74B6270299D0009F85D2 /* CodeVerifyView.swift */; };
		9BBE74B927039AA0009F85D2 /* TextFieldManager.swift in Sources */ = {isa = PBXBuildFile; fileRef = 9BBE74B827039AA0009F85D2 /* TextFieldManager.swift */; };
		9BBE74BB2703F1A7009F85D2 /* Tools.swift in Sources */ = {isa = PBXBuildFile; fileRef = 9BBE74BA2703F1A7009F85D2 /* Tools.swift */; };
		9BBE74BF2705280A009F85D2 /* ChatRow.swift in Sources */ = {isa = PBXBuildFile; fileRef = 9BBE74BE2705280A009F85D2 /* ChatRow.swift */; };
		9BBE74C227052B9E009F85D2 /* ChatModel.swift in Sources */ = {isa = PBXBuildFile; fileRef = 9BBE74C127052B9E009F85D2 /* ChatModel.swift */; };
		9BBE74C427053237009F85D2 /*  Date+Helpers.swift in Sources */ = {isa = PBXBuildFile; fileRef = 9BBE74C327053237009F85D2 /*  Date+Helpers.swift */; };
		9BBE74C627055565009F85D2 /* SearchBar.swift in Sources */ = {isa = PBXBuildFile; fileRef = 9BBE74C527055565009F85D2 /* SearchBar.swift */; };
		9BBE74C827061901009F85D2 /* ChatsViewModel.swift in Sources */ = {isa = PBXBuildFile; fileRef = 9BBE74C727061901009F85D2 /* ChatsViewModel.swift */; };
		9BBE74CA27064591009F85D2 /* ChatView.swift in Sources */ = {isa = PBXBuildFile; fileRef = 9BBE74C927064590009F85D2 /* ChatView.swift */; };
		9BCFF034275831F6002CFBD5 /* SDWebImage in Frameworks */ = {isa = PBXBuildFile; productRef = 9BCFF033275831F6002CFBD5 /* SDWebImage */; };
		9BDE04D72748ACD3008AF5DC /* IRLVNDocumentCameraScanAdditions.swift in Sources */ = {isa = PBXBuildFile; fileRef = 9BDE04D62748ACD3008AF5DC /* IRLVNDocumentCameraScanAdditions.swift */; };
		9BDE04D92748ADBE008AF5DC /* IRLPDFScanContent.swift in Sources */ = {isa = PBXBuildFile; fileRef = 9BDE04D82748ADBE008AF5DC /* IRLPDFScanContent.swift */; };
		9BDE04DB2748ADFB008AF5DC /* IRLPDFView.swift in Sources */ = {isa = PBXBuildFile; fileRef = 9BDE04DA2748ADFB008AF5DC /* IRLPDFView.swift */; };
		9BDE04DD2748AE3E008AF5DC /* Exports.swift in Sources */ = {isa = PBXBuildFile; fileRef = 9BDE04DC2748AE3E008AF5DC /* Exports.swift */; };
		9BDE04DF2748AE62008AF5DC /* IRLPDFScanContentProtocol.swift in Sources */ = {isa = PBXBuildFile; fileRef = 9BDE04DE2748AE62008AF5DC /* IRLPDFScanContentProtocol.swift */; };
		9BDE04E12748AED4008AF5DC /* IRLPDFScanContent+VNDocumentCameraViewControllerDelegate.swift in Sources */ = {isa = PBXBuildFile; fileRef = 9BDE04E02748AED4008AF5DC /* IRLPDFScanContent+VNDocumentCameraViewControllerDelegate.swift */; };
		9BF040D726B8A95200A08890 /* go2dispatchApp.swift in Sources */ = {isa = PBXBuildFile; fileRef = 9BF040D626B8A95200A08890 /* go2dispatchApp.swift */; };
		9BF040D926B8A95200A08890 /* ContentView.swift in Sources */ = {isa = PBXBuildFile; fileRef = 9BF040D826B8A95200A08890 /* ContentView.swift */; };
		9BF040DB26B8A95400A08890 /* Assets.xcassets in Resources */ = {isa = PBXBuildFile; fileRef = 9BF040DA26B8A95400A08890 /* Assets.xcassets */; };
		9BF040DE26B8A95400A08890 /* Preview Assets.xcassets in Resources */ = {isa = PBXBuildFile; fileRef = 9BF040DD26B8A95400A08890 /* Preview Assets.xcassets */; };
		9BF040E626B902B000A08890 /* Home.swift in Sources */ = {isa = PBXBuildFile; fileRef = 9BF040E526B902AF00A08890 /* Home.swift */; };
/* End PBXBuildFile section */

/* Begin PBXCopyFilesBuildPhase section */
		9BB87901272B76DB00B7D95B /* Embed Frameworks */ = {
			isa = PBXCopyFilesBuildPhase;
			buildActionMask = 2147483647;
			dstPath = "";
			dstSubfolderSpec = 10;
			files = (
			);
			name = "Embed Frameworks";
			runOnlyForDeploymentPostprocessing = 0;
		};
/* End PBXCopyFilesBuildPhase section */

/* Begin PBXFileReference section */
		9B13AE99277BDAD10080D560 /* BubbleReceived.swift */ = {isa = PBXFileReference; lastKnownFileType = sourcecode.swift; path = BubbleReceived.swift; sourceTree = "<group>"; };
		9B13AE9B277BDE390080D560 /* ChatBubble.swift */ = {isa = PBXFileReference; lastKnownFileType = sourcecode.swift; path = ChatBubble.swift; sourceTree = "<group>"; };
		9B13AE9D277BE7760080D560 /* BubbleSend.swift */ = {isa = PBXFileReference; lastKnownFileType = sourcecode.swift; path = BubbleSend.swift; sourceTree = "<group>"; };
		9B13AE9F277C00120080D560 /* BubleImage.swift */ = {isa = PBXFileReference; lastKnownFileType = sourcecode.swift; path = BubleImage.swift; sourceTree = "<group>"; };
		9B13AEA1277CA9390080D560 /* ChatHeader.swift */ = {isa = PBXFileReference; lastKnownFileType = sourcecode.swift; path = ChatHeader.swift; sourceTree = "<group>"; };
		9B13AEA6277F7EE20080D560 /* UimageExtensions.swift */ = {isa = PBXFileReference; lastKnownFileType = sourcecode.swift; path = UimageExtensions.swift; sourceTree = "<group>"; };
		9B198E96277A39F300DC79E5 /* PhotoModelCacheManager.swift */ = {isa = PBXFileReference; lastKnownFileType = sourcecode.swift; path = PhotoModelCacheManager.swift; sourceTree = "<group>"; };
		9B198E98277A3B3100DC79E5 /* PhotoModelFileManager.swift */ = {isa = PBXFileReference; lastKnownFileType = sourcecode.swift; path = PhotoModelFileManager.swift; sourceTree = "<group>"; };
		9B198E9B277A623300DC79E5 /* ChatViewModal.swift */ = {isa = PBXFileReference; lastKnownFileType = sourcecode.swift; path = ChatViewModal.swift; sourceTree = "<group>"; };
		9B1BEC212707ACFA00370896 /* go2dispatch.xcdatamodel */ = {isa = PBXFileReference; lastKnownFileType = wrapper.xcdatamodel; path = go2dispatch.xcdatamodel; sourceTree = "<group>"; };
		9B1BEC242707C77A00370896 /* Persistence.swift */ = {isa = PBXFileReference; lastKnownFileType = sourcecode.swift; path = Persistence.swift; sourceTree = "<group>"; };
		9B1BEC262707CA6900370896 /* ApiChat.swift */ = {isa = PBXFileReference; lastKnownFileType = sourcecode.swift; path = ApiChat.swift; sourceTree = "<group>"; };
		9B1BEC2C270BD76000370896 /* Service.swift */ = {isa = PBXFileReference; lastKnownFileType = sourcecode.swift; path = Service.swift; sourceTree = "<group>"; };
		9B1BEC312710981700370896 /* NewChatView.swift */ = {isa = PBXFileReference; lastKnownFileType = sourcecode.swift; path = NewChatView.swift; sourceTree = "<group>"; };
		9B213DD1276D5A0C006CC10E /* ChatsView+ServiceProtocol.swift */ = {isa = PBXFileReference; lastKnownFileType = sourcecode.swift; path = "ChatsView+ServiceProtocol.swift"; sourceTree = "<group>"; };
		9B213DD3276D69FD006CC10E /* ChatsViewModelHandleChat.swift */ = {isa = PBXFileReference; lastKnownFileType = sourcecode.swift; path = ChatsViewModelHandleChat.swift; sourceTree = "<group>"; };
		9B213DD5276D6A74006CC10E /* ServiceHandlerEvento.swift */ = {isa = PBXFileReference; lastKnownFileType = sourcecode.swift; path = ServiceHandlerEvento.swift; sourceTree = "<group>"; };
		9B213DD8277510EE006CC10E /* CameraCaptureViewController.swift */ = {isa = PBXFileReference; lastKnownFileType = sourcecode.swift; path = CameraCaptureViewController.swift; sourceTree = "<group>"; };
		9B213DDA27792B47006CC10E /* LocalFileManager.swift */ = {isa = PBXFileReference; lastKnownFileType = sourcecode.swift; path = LocalFileManager.swift; sourceTree = "<group>"; };
		9B213DDD27797874006CC10E /* StorageCache.swift */ = {isa = PBXFileReference; lastKnownFileType = sourcecode.swift; path = StorageCache.swift; sourceTree = "<group>"; };
		9B2C9A9026D6BAF400D80185 /* ChatRooms.swift */ = {isa = PBXFileReference; lastKnownFileType = sourcecode.swift; path = ChatRooms.swift; sourceTree = "<group>"; };
		9B2C9A9326D6CC5400D80185 /* Driver.swift */ = {isa = PBXFileReference; lastKnownFileType = sourcecode.swift; path = Driver.swift; sourceTree = "<group>"; };
		9B2C9A9626D6CE8800D80185 /* ViewModel.swift */ = {isa = PBXFileReference; lastKnownFileType = sourcecode.swift; path = ViewModel.swift; sourceTree = "<group>"; };
		9B2C9A9826D6D41900D80185 /* GamesView.swift */ = {isa = PBXFileReference; lastKnownFileType = sourcecode.swift; path = GamesView.swift; sourceTree = "<group>"; };
		9B2C9A9E26D6E70D00D80185 /* GameView.swift */ = {isa = PBXFileReference; lastKnownFileType = sourcecode.swift; path = GameView.swift; sourceTree = "<group>"; };
		9B2C9AA026D70E3200D80185 /* Gallery.swift */ = {isa = PBXFileReference; lastKnownFileType = sourcecode.swift; path = Gallery.swift; sourceTree = "<group>"; };
		9B2C9AA226D7140100D80185 /* Comentarios.swift */ = {isa = PBXFileReference; lastKnownFileType = sourcecode.swift; path = Comentarios.swift; sourceTree = "<group>"; };
		9B2C9AA426D72CFF00D80185 /* SearchGame.swift */ = {isa = PBXFileReference; lastKnownFileType = sourcecode.swift; path = SearchGame.swift; sourceTree = "<group>"; };
		9B2C9AA626D73C4D00D80185 /* FavoritesView.swift */ = {isa = PBXFileReference; lastKnownFileType = sourcecode.swift; path = FavoritesView.swift; sourceTree = "<group>"; };
		9B2C9AAA26D7407500D80185 /* ProfilView.swift */ = {isa = PBXFileReference; lastKnownFileType = sourcecode.swift; path = ProfilView.swift; sourceTree = "<group>"; };
		9B2C9AAC26D7DBAB00D80185 /* EditProfileView.swift */ = {isa = PBXFileReference; lastKnownFileType = sourcecode.swift; path = EditProfileView.swift; sourceTree = "<group>"; };
		9B2C9AAE26D7FEA400D80185 /* SaveData.swift */ = {isa = PBXFileReference; lastKnownFileType = sourcecode.swift; path = SaveData.swift; sourceTree = "<group>"; };
		9B2C9AB126D810C300D80185 /* ApiConfig.swift */ = {isa = PBXFileReference; lastKnownFileType = sourcecode.swift; path = ApiConfig.swift; sourceTree = "<group>"; };
		9B2C9AB426D811BB00D80185 /* LoginView.swift */ = {isa = PBXFileReference; lastKnownFileType = sourcecode.swift; path = LoginView.swift; sourceTree = "<group>"; };
		9B2C9AB626D8134300D80185 /* LoginViewModel.swift */ = {isa = PBXFileReference; lastKnownFileType = sourcecode.swift; path = LoginViewModel.swift; sourceTree = "<group>"; };
		9B2C9AB926D8136E00D80185 /* UserModel.swift */ = {isa = PBXFileReference; lastKnownFileType = sourcecode.swift; path = UserModel.swift; sourceTree = "<group>"; };
		9B2C9ABB26D8266700D80185 /* SUImagePickerView.swift */ = {isa = PBXFileReference; fileEncoding = 4; lastKnownFileType = sourcecode.swift; path = SUImagePickerView.swift; sourceTree = "<group>"; };
		9B2C9ABE26D9877B00D80185 /* Extensions.swift */ = {isa = PBXFileReference; lastKnownFileType = sourcecode.swift; path = Extensions.swift; sourceTree = "<group>"; };
		9B3B333726FEA4A60051511D /* go2dispatch.entitlements */ = {isa = PBXFileReference; lastKnownFileType = text.plist.entitlements; path = go2dispatch.entitlements; sourceTree = "<group>"; };
		9B3B333826FEA59C0051511D /* MyAppDelegate.swift */ = {isa = PBXFileReference; lastKnownFileType = sourcecode.swift; path = MyAppDelegate.swift; sourceTree = "<group>"; };
		9B4A7B832767ADB200922D46 /* ParseDatosOfSocket.swift */ = {isa = PBXFileReference; lastKnownFileType = sourcecode.swift; path = ParseDatosOfSocket.swift; sourceTree = "<group>"; };
		9B4A7B87276828A000922D46 /* UtilDate.swift */ = {isa = PBXFileReference; lastKnownFileType = sourcecode.swift; path = UtilDate.swift; sourceTree = "<group>"; };
		9B74F3A72730DF5100457043 /* MultimodeView.swift */ = {isa = PBXFileReference; lastKnownFileType = sourcecode.swift; path = MultimodeView.swift; sourceTree = "<group>"; };
		9B74F3AA2731CDD800457043 /* ChatDataManager.swift */ = {isa = PBXFileReference; lastKnownFileType = sourcecode.swift; path = ChatDataManager.swift; sourceTree = "<group>"; };
		9B7FBB7D271E6254004629A7 /* AlertToast.swift */ = {isa = PBXFileReference; lastKnownFileType = sourcecode.swift; path = AlertToast.swift; sourceTree = "<group>"; };
		9B90B4D72761632F001E6801 /* NotificationView.swift */ = {isa = PBXFileReference; lastKnownFileType = sourcecode.swift; path = NotificationView.swift; sourceTree = "<group>"; };
		9B90B4DA2762B15F001E6801 /* Trip_ListView.swift */ = {isa = PBXFileReference; lastKnownFileType = sourcecode.swift; path = Trip_ListView.swift; sourceTree = "<group>"; };
		9B90B4DD2762B1DA001E6801 /* TripModel.swift */ = {isa = PBXFileReference; lastKnownFileType = sourcecode.swift; path = TripModel.swift; sourceTree = "<group>"; };
		9B90B4DF2762BECA001E6801 /* TripListViewModel.swift */ = {isa = PBXFileReference; lastKnownFileType = sourcecode.swift; path = TripListViewModel.swift; sourceTree = "<group>"; };
		9B90B4E52762FB6B001E6801 /* Chata_data_Messaage.swift */ = {isa = PBXFileReference; lastKnownFileType = sourcecode.swift; path = Chata_data_Messaage.swift; sourceTree = "<group>"; };
		9B90B4E827630225001E6801 /* ApiChatMessage.swift */ = {isa = PBXFileReference; lastKnownFileType = sourcecode.swift; path = ApiChatMessage.swift; sourceTree = "<group>"; };
		9B90B4EB2763085C001E6801 /* ChatsViewModelMessage.swift */ = {isa = PBXFileReference; lastKnownFileType = sourcecode.swift; path = ChatsViewModelMessage.swift; sourceTree = "<group>"; };
		9B90B4ED2763D321001E6801 /* UserStateViewModel.swift */ = {isa = PBXFileReference; lastKnownFileType = sourcecode.swift; path = UserStateViewModel.swift; sourceTree = "<group>"; };
		9B950EBF277A088500145738 /* ChatAllUserService.swift */ = {isa = PBXFileReference; lastKnownFileType = sourcecode.swift; path = ChatAllUserService.swift; sourceTree = "<group>"; };
		9B950EC1277A089B00145738 /* ChatAllUserViewModel.swift */ = {isa = PBXFileReference; lastKnownFileType = sourcecode.swift; path = ChatAllUserViewModel.swift; sourceTree = "<group>"; };
		9B950EC3277A229600145738 /* ChatRoomAll.swift */ = {isa = PBXFileReference; lastKnownFileType = sourcecode.swift; path = ChatRoomAll.swift; sourceTree = "<group>"; };
		9B950EC6277A2FA400145738 /* DownloadingImageView.swift */ = {isa = PBXFileReference; lastKnownFileType = sourcecode.swift; path = DownloadingImageView.swift; sourceTree = "<group>"; };
		9B950EC8277A2FDF00145738 /* ImageLoadingViewModel.swift */ = {isa = PBXFileReference; lastKnownFileType = sourcecode.swift; path = ImageLoadingViewModel.swift; sourceTree = "<group>"; };
		9BB878DC272A459700B7D95B /* GetLocation.swift */ = {isa = PBXFileReference; lastKnownFileType = sourcecode.swift; path = GetLocation.swift; sourceTree = "<group>"; };
		9BB878DE272A45F000B7D95B /* TimeClockView.swift */ = {isa = PBXFileReference; lastKnownFileType = sourcecode.swift; path = TimeClockView.swift; sourceTree = "<group>"; };
		9BB878E5272B3B3900B7D95B /* TimeClockHeader.swift */ = {isa = PBXFileReference; lastKnownFileType = sourcecode.swift; path = TimeClockHeader.swift; sourceTree = "<group>"; };
		9BB878E7272B3B6F00B7D95B /* TimeClockFooter.swift */ = {isa = PBXFileReference; lastKnownFileType = sourcecode.swift; path = TimeClockFooter.swift; sourceTree = "<group>"; };
		9BB878E9272B3B9200B7D95B /* TimeClockRow.swift */ = {isa = PBXFileReference; lastKnownFileType = sourcecode.swift; path = TimeClockRow.swift; sourceTree = "<group>"; };
		9BB878EC272B3CA400B7D95B /* TimeClockViemModel.swift */ = {isa = PBXFileReference; lastKnownFileType = sourcecode.swift; path = TimeClockViemModel.swift; sourceTree = "<group>"; };
		9BB878EE272B3D3F00B7D95B /* ApiTimeClock.swift */ = {isa = PBXFileReference; lastKnownFileType = sourcecode.swift; path = ApiTimeClock.swift; sourceTree = "<group>"; };
		9BB878F1272B3D7000B7D95B /* TimeClockModel.swift */ = {isa = PBXFileReference; lastKnownFileType = sourcecode.swift; path = TimeClockModel.swift; sourceTree = "<group>"; };
		9BB878F4272B5EA600B7D95B /* CurentGps.swift */ = {isa = PBXFileReference; lastKnownFileType = sourcecode.swift; path = CurentGps.swift; sourceTree = "<group>"; };
		9BBE74B6270299D0009F85D2 /* CodeVerifyView.swift */ = {isa = PBXFileReference; lastKnownFileType = sourcecode.swift; path = CodeVerifyView.swift; sourceTree = "<group>"; };
		9BBE74B827039AA0009F85D2 /* TextFieldManager.swift */ = {isa = PBXFileReference; lastKnownFileType = sourcecode.swift; path = TextFieldManager.swift; sourceTree = "<group>"; };
		9BBE74BA2703F1A7009F85D2 /* Tools.swift */ = {isa = PBXFileReference; lastKnownFileType = sourcecode.swift; path = Tools.swift; sourceTree = "<group>"; };
		9BBE74BE2705280A009F85D2 /* ChatRow.swift */ = {isa = PBXFileReference; lastKnownFileType = sourcecode.swift; path = ChatRow.swift; sourceTree = "<group>"; };
		9BBE74C127052B9E009F85D2 /* ChatModel.swift */ = {isa = PBXFileReference; lastKnownFileType = sourcecode.swift; path = ChatModel.swift; sourceTree = "<group>"; };
		9BBE74C327053237009F85D2 /*  Date+Helpers.swift */ = {isa = PBXFileReference; lastKnownFileType = sourcecode.swift; path = " Date+Helpers.swift"; sourceTree = "<group>"; };
		9BBE74C527055565009F85D2 /* SearchBar.swift */ = {isa = PBXFileReference; lastKnownFileType = sourcecode.swift; path = SearchBar.swift; sourceTree = "<group>"; };
		9BBE74C727061901009F85D2 /* ChatsViewModel.swift */ = {isa = PBXFileReference; lastKnownFileType = sourcecode.swift; path = ChatsViewModel.swift; sourceTree = "<group>"; };
		9BBE74C927064590009F85D2 /* ChatView.swift */ = {isa = PBXFileReference; lastKnownFileType = sourcecode.swift; path = ChatView.swift; sourceTree = "<group>"; };
		9BDE04D62748ACD3008AF5DC /* IRLVNDocumentCameraScanAdditions.swift */ = {isa = PBXFileReference; lastKnownFileType = sourcecode.swift; path = IRLVNDocumentCameraScanAdditions.swift; sourceTree = "<group>"; };
		9BDE04D82748ADBE008AF5DC /* IRLPDFScanContent.swift */ = {isa = PBXFileReference; lastKnownFileType = sourcecode.swift; path = IRLPDFScanContent.swift; sourceTree = "<group>"; };
		9BDE04DA2748ADFB008AF5DC /* IRLPDFView.swift */ = {isa = PBXFileReference; lastKnownFileType = sourcecode.swift; path = IRLPDFView.swift; sourceTree = "<group>"; };
		9BDE04DC2748AE3E008AF5DC /* Exports.swift */ = {isa = PBXFileReference; lastKnownFileType = sourcecode.swift; path = Exports.swift; sourceTree = "<group>"; };
		9BDE04DE2748AE62008AF5DC /* IRLPDFScanContentProtocol.swift */ = {isa = PBXFileReference; lastKnownFileType = sourcecode.swift; path = IRLPDFScanContentProtocol.swift; sourceTree = "<group>"; };
		9BDE04E02748AED4008AF5DC /* IRLPDFScanContent+VNDocumentCameraViewControllerDelegate.swift */ = {isa = PBXFileReference; lastKnownFileType = sourcecode.swift; path = "IRLPDFScanContent+VNDocumentCameraViewControllerDelegate.swift"; sourceTree = "<group>"; };
		9BF040D326B8A95200A08890 /* go2dispatch.app */ = {isa = PBXFileReference; explicitFileType = wrapper.application; includeInIndex = 0; path = go2dispatch.app; sourceTree = BUILT_PRODUCTS_DIR; };
		9BF040D626B8A95200A08890 /* go2dispatchApp.swift */ = {isa = PBXFileReference; lastKnownFileType = sourcecode.swift; path = go2dispatchApp.swift; sourceTree = "<group>"; };
		9BF040D826B8A95200A08890 /* ContentView.swift */ = {isa = PBXFileReference; lastKnownFileType = sourcecode.swift; path = ContentView.swift; sourceTree = "<group>"; };
		9BF040DA26B8A95400A08890 /* Assets.xcassets */ = {isa = PBXFileReference; lastKnownFileType = folder.assetcatalog; path = Assets.xcassets; sourceTree = "<group>"; };
		9BF040DD26B8A95400A08890 /* Preview Assets.xcassets */ = {isa = PBXFileReference; lastKnownFileType = folder.assetcatalog; path = "Preview Assets.xcassets"; sourceTree = "<group>"; };
		9BF040DF26B8A95400A08890 /* Info.plist */ = {isa = PBXFileReference; lastKnownFileType = text.plist.xml; path = Info.plist; sourceTree = "<group>"; };
		9BF040E526B902AF00A08890 /* Home.swift */ = {isa = PBXFileReference; lastKnownFileType = sourcecode.swift; path = Home.swift; sourceTree = "<group>"; };
/* End PBXFileReference section */

/* Begin PBXFrameworksBuildPhase section */
		9BF040D026B8A95200A08890 /* Frameworks */ = {
			isa = PBXFrameworksBuildPhase;
			buildActionMask = 2147483647;
			files = (
				9B2C9A9C26D6E0F000D80185 /* Kingfisher in Frameworks */,
				9BBE74B5270293BD009F85D2 /* iPhoneNumberField in Frameworks */,
				9B1BEC30270FC91100370896 /* SocketIO in Frameworks */,
				9B13AEA5277E7ABA0080D560 /* Alamofire in Frameworks */,
				9BB87904272B797100B7D95B /* SwiftLocation in Frameworks */,
				9BCFF034275831F6002CFBD5 /* SDWebImage in Frameworks */,
			);
			runOnlyForDeploymentPostprocessing = 0;
		};
/* End PBXFrameworksBuildPhase section */

/* Begin PBXGroup section */
		9B198E9A277A621D00DC79E5 /* chatView */ = {
			isa = PBXGroup;
			children = (
				9B198E9B277A623300DC79E5 /* ChatViewModal.swift */,
				9B13AE99277BDAD10080D560 /* BubbleReceived.swift */,
				9B13AE9B277BDE390080D560 /* ChatBubble.swift */,
				9B13AE9D277BE7760080D560 /* BubbleSend.swift */,
				9B13AE9F277C00120080D560 /* BubleImage.swift */,
				9B13AEA1277CA9390080D560 /* ChatHeader.swift */,
			);
			path = chatView;
			sourceTree = "<group>";
		};
		9B1BEC232707C75F00370896 /* datacore */ = {
			isa = PBXGroup;
			children = (
				9B74F3A92731CDBD00457043 /* chat_coredata */,
				9B1BEC202707ACFA00370896 /* go2dispatch.xcdatamodeld */,
				9B1BEC242707C77A00370896 /* Persistence.swift */,
			);
			path = datacore;
			sourceTree = "<group>";
		};
		9B213DD7277510B1006CC10E /* camera */ = {
			isa = PBXGroup;
			children = (
				9B213DD8277510EE006CC10E /* CameraCaptureViewController.swift */,
			);
			path = camera;
			sourceTree = "<group>";
		};
		9B213DDC277964CA006CC10E /* PerfilUser */ = {
			isa = PBXGroup;
			children = (
				9B2C9AAA26D7407500D80185 /* ProfilView.swift */,
				9B2C9ABB26D8266700D80185 /* SUImagePickerView.swift */,
				9B2C9AAC26D7DBAB00D80185 /* EditProfileView.swift */,
			);
			path = PerfilUser;
			sourceTree = "<group>";
		};
		9B2C9A9226D6CC3600D80185 /* Model */ = {
			isa = PBXGroup;
			children = (
				9B2C9A9326D6CC5400D80185 /* Driver.swift */,
			);
			path = Model;
			sourceTree = "<group>";
		};
		9B2C9A9526D6CE3F00D80185 /* ViewModel */ = {
			isa = PBXGroup;
			children = (
				9B2C9A9626D6CE8800D80185 /* ViewModel.swift */,
				9B2C9AA426D72CFF00D80185 /* SearchGame.swift */,
				9B2C9AAE26D7FEA400D80185 /* SaveData.swift */,
			);
			path = ViewModel;
			sourceTree = "<group>";
		};
		9B2C9A9D26D6E6E800D80185 /* Views */ = {
			isa = PBXGroup;
			children = (
				9B2C9A9826D6D41900D80185 /* GamesView.swift */,
				9B2C9A9E26D6E70D00D80185 /* GameView.swift */,
				9B2C9AA026D70E3200D80185 /* Gallery.swift */,
				9B2C9AA226D7140100D80185 /* Comentarios.swift */,
				9B2C9AA626D73C4D00D80185 /* FavoritesView.swift */,
			);
			path = Views;
			sourceTree = "<group>";
		};
		9B2C9AB026D810AB00D80185 /* configuration */ = {
			isa = PBXGroup;
			children = (
				9B2C9AB126D810C300D80185 /* ApiConfig.swift */,
			);
			path = configuration;
			sourceTree = "<group>";
		};
		9B2C9AB326D811A900D80185 /* login */ = {
			isa = PBXGroup;
			children = (
				9B2C9AB826D8135A00D80185 /* model */,
				9B2C9AB426D811BB00D80185 /* LoginView.swift */,
				9B2C9AB626D8134300D80185 /* LoginViewModel.swift */,
				9BBE74B6270299D0009F85D2 /* CodeVerifyView.swift */,
				9B90B4ED2763D321001E6801 /* UserStateViewModel.swift */,
			);
			path = login;
			sourceTree = "<group>";
		};
		9B2C9AB826D8135A00D80185 /* model */ = {
			isa = PBXGroup;
			children = (
				9B2C9AB926D8136E00D80185 /* UserModel.swift */,
			);
			path = model;
			sourceTree = "<group>";
		};
		9B2C9ABD26D9875800D80185 /* extension */ = {
			isa = PBXGroup;
			children = (
				9B2C9ABE26D9877B00D80185 /* Extensions.swift */,
				9BBE74B827039AA0009F85D2 /* TextFieldManager.swift */,
				9BBE74BA2703F1A7009F85D2 /* Tools.swift */,
				9B13AEA6277F7EE20080D560 /* UimageExtensions.swift */,
			);
			path = extension;
			sourceTree = "<group>";
		};
		9B3B333426FD40ED0051511D /* camera */ = {
			isa = PBXGroup;
			children = (
			);
			path = camera;
			sourceTree = "<group>";
		};
		9B4A7B822767AD8D00922D46 /* socket_chat */ = {
			isa = PBXGroup;
			children = (
				9B1BEC2C270BD76000370896 /* Service.swift */,
				9B4A7B832767ADB200922D46 /* ParseDatosOfSocket.swift */,
				9B213DD5276D6A74006CC10E /* ServiceHandlerEvento.swift */,
			);
			path = socket_chat;
			sourceTree = "<group>";
		};
		9B4A7B852767C58500922D46 /* models */ = {
			isa = PBXGroup;
			children = (
				9BBE74C127052B9E009F85D2 /* ChatModel.swift */,
			);
			path = models;
			sourceTree = "<group>";
		};
		9B4A7B862768285D00922D46 /* util */ = {
			isa = PBXGroup;
			children = (
				9B4A7B87276828A000922D46 /* UtilDate.swift */,
				9B213DDA27792B47006CC10E /* LocalFileManager.swift */,
				9B213DDD27797874006CC10E /* StorageCache.swift */,
				9B198E96277A39F300DC79E5 /* PhotoModelCacheManager.swift */,
				9B198E98277A3B3100DC79E5 /* PhotoModelFileManager.swift */,
			);
			path = util;
			sourceTree = "<group>";
		};
		9B74F3A62730DF2B00457043 /* board */ = {
			isa = PBXGroup;
			children = (
				9B74F3A72730DF5100457043 /* MultimodeView.swift */,
			);
			path = board;
			sourceTree = "<group>";
		};
		9B74F3A92731CDBD00457043 /* chat_coredata */ = {
			isa = PBXGroup;
			children = (
				9B74F3AA2731CDD800457043 /* ChatDataManager.swift */,
				9B90B4E52762FB6B001E6801 /* Chata_data_Messaage.swift */,
			);
			path = chat_coredata;
			sourceTree = "<group>";
		};
		9B74F3AC2731D8FE00457043 /* database */ = {
			isa = PBXGroup;
			children = (
			);
			path = database;
			sourceTree = "<group>";
		};
		9B90B4D92762B141001E6801 /* trips */ = {
			isa = PBXGroup;
			children = (
				9B90B4DC2762B1C8001E6801 /* model */,
				9B90B4DA2762B15F001E6801 /* Trip_ListView.swift */,
				9B90B4DF2762BECA001E6801 /* TripListViewModel.swift */,
			);
			path = trips;
			sourceTree = "<group>";
		};
		9B90B4DC2762B1C8001E6801 /* model */ = {
			isa = PBXGroup;
			children = (
				9B90B4DD2762B1DA001E6801 /* TripModel.swift */,
			);
			path = model;
			sourceTree = "<group>";
		};
		9B90B4E72763020F001E6801 /* api */ = {
			isa = PBXGroup;
			children = (
				9B1BEC262707CA6900370896 /* ApiChat.swift */,
				9B90B4E827630225001E6801 /* ApiChatMessage.swift */,
			);
			path = api;
			sourceTree = "<group>";
		};
		9B90B4EA2763083A001E6801 /* viewmodel */ = {
			isa = PBXGroup;
			children = (
				9BBE74C727061901009F85D2 /* ChatsViewModel.swift */,
				9B90B4EB2763085C001E6801 /* ChatsViewModelMessage.swift */,
				9B213DD1276D5A0C006CC10E /* ChatsView+ServiceProtocol.swift */,
				9B213DD3276D69FD006CC10E /* ChatsViewModelHandleChat.swift */,
				9B950EBF277A088500145738 /* ChatAllUserService.swift */,
				9B950EC1277A089B00145738 /* ChatAllUserViewModel.swift */,
			);
			path = viewmodel;
			sourceTree = "<group>";
		};
		9B950EC5277A2F8500145738 /* downloadImage */ = {
			isa = PBXGroup;
			children = (
				9B950EC6277A2FA400145738 /* DownloadingImageView.swift */,
				9B950EC8277A2FDF00145738 /* ImageLoadingViewModel.swift */,
			);
			path = downloadImage;
			sourceTree = "<group>";
		};
		9BB878DB272A453D00B7D95B /* timeclock */ = {
			isa = PBXGroup;
			children = (
				9BB878F3272B5E9400B7D95B /* gps */,
				9BB878EB272B3C8B00B7D95B /* viemmodel */,
				9BB878DC272A459700B7D95B /* GetLocation.swift */,
				9BB878DE272A45F000B7D95B /* TimeClockView.swift */,
				9BB878E5272B3B3900B7D95B /* TimeClockHeader.swift */,
				9BB878E7272B3B6F00B7D95B /* TimeClockFooter.swift */,
				9BB878E9272B3B9200B7D95B /* TimeClockRow.swift */,
			);
			path = timeclock;
			sourceTree = "<group>";
		};
		9BB878EB272B3C8B00B7D95B /* viemmodel */ = {
			isa = PBXGroup;
			children = (
				9BB878F0272B3D5900B7D95B /* model */,
				9BB878EC272B3CA400B7D95B /* TimeClockViemModel.swift */,
				9BB878EE272B3D3F00B7D95B /* ApiTimeClock.swift */,
			);
			path = viemmodel;
			sourceTree = "<group>";
		};
		9BB878F0272B3D5900B7D95B /* model */ = {
			isa = PBXGroup;
			children = (
				9BB878F1272B3D7000B7D95B /* TimeClockModel.swift */,
			);
			path = model;
			sourceTree = "<group>";
		};
		9BB878F3272B5E9400B7D95B /* gps */ = {
			isa = PBXGroup;
			children = (
				9BB878F4272B5EA600B7D95B /* CurentGps.swift */,
			);
			path = gps;
			sourceTree = "<group>";
		};
		9BBE74C027052813009F85D2 /* chat */ = {
			isa = PBXGroup;
			children = (
				9B198E9A277A621D00DC79E5 /* chatView */,
				9B950EC5277A2F8500145738 /* downloadImage */,
				9B213DD7277510B1006CC10E /* camera */,
				9BE35C1F276BCBC5001A9B0F /* views */,
				9B4A7B852767C58500922D46 /* models */,
				9B4A7B822767AD8D00922D46 /* socket_chat */,
				9B90B4EA2763083A001E6801 /* viewmodel */,
				9B90B4E72763020F001E6801 /* api */,
				9B1BEC232707C75F00370896 /* datacore */,
				9B2C9A9026D6BAF400D80185 /* ChatRooms.swift */,
				9BBE74BE2705280A009F85D2 /* ChatRow.swift */,
				9B950EC3277A229600145738 /* ChatRoomAll.swift */,
				9BBE74C327053237009F85D2 /*  Date+Helpers.swift */,
				9BBE74C527055565009F85D2 /* SearchBar.swift */,
				9BBE74C927064590009F85D2 /* ChatView.swift */,
				9B1BEC312710981700370896 /* NewChatView.swift */,
				9B7FBB7D271E6254004629A7 /* AlertToast.swift */,
				9B90B4D72761632F001E6801 /* NotificationView.swift */,
			);
			path = chat;
			sourceTree = "<group>";
		};
		9BDE04D52748AC2C008AF5DC /* scanner */ = {
			isa = PBXGroup;
			children = (
				9BDE04D62748ACD3008AF5DC /* IRLVNDocumentCameraScanAdditions.swift */,
				9BDE04D82748ADBE008AF5DC /* IRLPDFScanContent.swift */,
				9BDE04DA2748ADFB008AF5DC /* IRLPDFView.swift */,
				9BDE04DC2748AE3E008AF5DC /* Exports.swift */,
				9BDE04DE2748AE62008AF5DC /* IRLPDFScanContentProtocol.swift */,
				9BDE04E02748AED4008AF5DC /* IRLPDFScanContent+VNDocumentCameraViewControllerDelegate.swift */,
			);
			path = scanner;
			sourceTree = "<group>";
		};
		9BE35C1F276BCBC5001A9B0F /* views */ = {
			isa = PBXGroup;
			children = (
			);
			path = views;
			sourceTree = "<group>";
		};
		9BF040CA26B8A95200A08890 = {
			isa = PBXGroup;
			children = (
				9BF040D526B8A95200A08890 /* go2dispatch */,
				9BF040D426B8A95200A08890 /* Products */,
			);
			sourceTree = "<group>";
		};
		9BF040D426B8A95200A08890 /* Products */ = {
			isa = PBXGroup;
			children = (
				9BF040D326B8A95200A08890 /* go2dispatch.app */,
			);
			name = Products;
			sourceTree = "<group>";
		};
		9BF040D526B8A95200A08890 /* go2dispatch */ = {
			isa = PBXGroup;
			children = (
				9B213DDC277964CA006CC10E /* PerfilUser */,
				9B4A7B862768285D00922D46 /* util */,
				9B90B4D92762B141001E6801 /* trips */,
				9BDE04D52748AC2C008AF5DC /* scanner */,
				9B74F3AC2731D8FE00457043 /* database */,
				9B74F3A62730DF2B00457043 /* board */,
				9BB878DB272A453D00B7D95B /* timeclock */,
				9BBE74C027052813009F85D2 /* chat */,
				9B2C9ABD26D9875800D80185 /* extension */,
				9B3B333826FEA59C0051511D /* MyAppDelegate.swift */,
				9B3B333726FEA4A60051511D /* go2dispatch.entitlements */,
				9B3B333426FD40ED0051511D /* camera */,
				9B2C9AB326D811A900D80185 /* login */,
				9B2C9AB026D810AB00D80185 /* configuration */,
				9B2C9A9D26D6E6E800D80185 /* Views */,
				9B2C9A9526D6CE3F00D80185 /* ViewModel */,
				9B2C9A9226D6CC3600D80185 /* Model */,
				9BF040D626B8A95200A08890 /* go2dispatchApp.swift */,
				9BF040D826B8A95200A08890 /* ContentView.swift */,
				9BF040E526B902AF00A08890 /* Home.swift */,
				9BF040DA26B8A95400A08890 /* Assets.xcassets */,
				9BF040DF26B8A95400A08890 /* Info.plist */,
				9BF040DC26B8A95400A08890 /* Preview Content */,
			);
			path = go2dispatch;
			sourceTree = "<group>";
		};
		9BF040DC26B8A95400A08890 /* Preview Content */ = {
			isa = PBXGroup;
			children = (
				9BF040DD26B8A95400A08890 /* Preview Assets.xcassets */,
			);
			path = "Preview Content";
			sourceTree = "<group>";
		};
/* End PBXGroup section */

/* Begin PBXNativeTarget section */
		9BF040D226B8A95200A08890 /* go2dispatch */ = {
			isa = PBXNativeTarget;
			buildConfigurationList = 9BF040E226B8A95400A08890 /* Build configuration list for PBXNativeTarget "go2dispatch" */;
			buildPhases = (
				9BF040CF26B8A95200A08890 /* Sources */,
				9BF040D026B8A95200A08890 /* Frameworks */,
				9BF040D126B8A95200A08890 /* Resources */,
				9BB87901272B76DB00B7D95B /* Embed Frameworks */,
			);
			buildRules = (
			);
			dependencies = (
			);
			name = go2dispatch;
			packageProductDependencies = (
				9B2C9A9B26D6E0F000D80185 /* Kingfisher */,
				9BBE74B4270293BD009F85D2 /* iPhoneNumberField */,
				9B1BEC2F270FC91100370896 /* SocketIO */,
				9BB87903272B797100B7D95B /* SwiftLocation */,
				9BCFF033275831F6002CFBD5 /* SDWebImage */,
				9B13AEA4277E7ABA0080D560 /* Alamofire */,
			);
			productName = go2dispatch;
			productReference = 9BF040D326B8A95200A08890 /* go2dispatch.app */;
			productType = "com.apple.product-type.application";
		};
/* End PBXNativeTarget section */

/* Begin PBXProject section */
		9BF040CB26B8A95200A08890 /* Project object */ = {
			isa = PBXProject;
			attributes = {
				LastSwiftUpdateCheck = 1250;
				LastUpgradeCheck = 1250;
				TargetAttributes = {
					9BF040D226B8A95200A08890 = {
						CreatedOnToolsVersion = 12.5.1;
					};
				};
			};
			buildConfigurationList = 9BF040CE26B8A95200A08890 /* Build configuration list for PBXProject "go2dispatch" */;
			compatibilityVersion = "Xcode 9.3";
			developmentRegion = en;
			hasScannedForEncodings = 0;
			knownRegions = (
				en,
				Base,
			);
			mainGroup = 9BF040CA26B8A95200A08890;
			packageReferences = (
				9B2C9A9A26D6E0F000D80185 /* XCRemoteSwiftPackageReference "Kingfisher" */,
				9BBE74B3270293BD009F85D2 /* XCRemoteSwiftPackageReference "iPhoneNumberField" */,
				9B1BEC2E270FC91100370896 /* XCRemoteSwiftPackageReference "socket.io-client-swift" */,
				9BB87902272B797100B7D95B /* XCRemoteSwiftPackageReference "SwiftLocation" */,
				9BCFF032275831F5002CFBD5 /* XCRemoteSwiftPackageReference "SDWebImage" */,
				9B13AEA3277E7AB90080D560 /* XCRemoteSwiftPackageReference "Alamofire" */,
			);
			productRefGroup = 9BF040D426B8A95200A08890 /* Products */;
			projectDirPath = "";
			projectRoot = "";
			targets = (
				9BF040D226B8A95200A08890 /* go2dispatch */,
			);
		};
/* End PBXProject section */

/* Begin PBXResourcesBuildPhase section */
		9BF040D126B8A95200A08890 /* Resources */ = {
			isa = PBXResourcesBuildPhase;
			buildActionMask = 2147483647;
			files = (
				9BF040DE26B8A95400A08890 /* Preview Assets.xcassets in Resources */,
				9BF040DB26B8A95400A08890 /* Assets.xcassets in Resources */,
			);
			runOnlyForDeploymentPostprocessing = 0;
		};
/* End PBXResourcesBuildPhase section */

/* Begin PBXSourcesBuildPhase section */
		9BF040CF26B8A95200A08890 /* Sources */ = {
			isa = PBXSourcesBuildPhase;
			buildActionMask = 2147483647;
			files = (
				9B7FBB7E271E6254004629A7 /* AlertToast.swift in Sources */,
				9B1BEC252707C77A00370896 /* Persistence.swift in Sources */,
				9B1BEC322710981700370896 /* NewChatView.swift in Sources */,
				9B13AE9E277BE7760080D560 /* BubbleSend.swift in Sources */,
				9BDE04DB2748ADFB008AF5DC /* IRLPDFView.swift in Sources */,
				9B74F3AB2731CDD800457043 /* ChatDataManager.swift in Sources */,
				9B4A7B88276828A100922D46 /* UtilDate.swift in Sources */,
				9BBE74C827061901009F85D2 /* ChatsViewModel.swift in Sources */,
				9B2C9AAD26D7DBAC00D80185 /* EditProfileView.swift in Sources */,
				9B2C9A9426D6CC5400D80185 /* Driver.swift in Sources */,
				9B213DDB27792B48006CC10E /* LocalFileManager.swift in Sources */,
				9B3B333926FEA59C0051511D /* MyAppDelegate.swift in Sources */,
				9BB878E8272B3B6F00B7D95B /* TimeClockFooter.swift in Sources */,
				9B2C9ABC26D8266700D80185 /* SUImagePickerView.swift in Sources */,
				9B1BEC272707CA6900370896 /* ApiChat.swift in Sources */,
				9BB878EF272B3D3F00B7D95B /* ApiTimeClock.swift in Sources */,
				9B950EC4277A229600145738 /* ChatRoomAll.swift in Sources */,
				9B2C9AA126D70E3200D80185 /* Gallery.swift in Sources */,
				9B90B4D82761632F001E6801 /* NotificationView.swift in Sources */,
				9B950EC2277A089B00145738 /* ChatAllUserViewModel.swift in Sources */,
				9B74F3A82730DF5100457043 /* MultimodeView.swift in Sources */,
				9BBE74B927039AA0009F85D2 /* TextFieldManager.swift in Sources */,
				9B198E97277A39F300DC79E5 /* PhotoModelCacheManager.swift in Sources */,
				9BF040D926B8A95200A08890 /* ContentView.swift in Sources */,
				9B1BEC222707ACFB00370896 /* go2dispatch.xcdatamodeld in Sources */,
				9B2C9A9926D6D41900D80185 /* GamesView.swift in Sources */,
				9B950EC9277A2FDF00145738 /* ImageLoadingViewModel.swift in Sources */,
				9B90B4DE2762B1DA001E6801 /* TripModel.swift in Sources */,
				9BBE74C227052B9E009F85D2 /* ChatModel.swift in Sources */,
				9BF040E626B902B000A08890 /* Home.swift in Sources */,
				9B4A7B842767ADB200922D46 /* ParseDatosOfSocket.swift in Sources */,
				9BBE74C427053237009F85D2 /*  Date+Helpers.swift in Sources */,
				9B13AEA0277C00120080D560 /* BubleImage.swift in Sources */,
				9BB878F2272B3D7000B7D95B /* TimeClockModel.swift in Sources */,
				9BDE04E12748AED4008AF5DC /* IRLPDFScanContent+VNDocumentCameraViewControllerDelegate.swift in Sources */,
				9B2C9AAB26D7407500D80185 /* ProfilView.swift in Sources */,
				9B198E99277A3B3100DC79E5 /* PhotoModelFileManager.swift in Sources */,
				9BB878ED272B3CA400B7D95B /* TimeClockViemModel.swift in Sources */,
				9B2C9A9126D6BAF500D80185 /* ChatRooms.swift in Sources */,
				9BDE04DF2748AE62008AF5DC /* IRLPDFScanContentProtocol.swift in Sources */,
				9BDE04D92748ADBE008AF5DC /* IRLPDFScanContent.swift in Sources */,
				9BB878DF272A45F000B7D95B /* TimeClockView.swift in Sources */,
				9BB878E6272B3B3A00B7D95B /* TimeClockHeader.swift in Sources */,
				9B213DD6276D6A74006CC10E /* ServiceHandlerEvento.swift in Sources */,
				9B2C9A9726D6CE8800D80185 /* ViewModel.swift in Sources */,
				9B2C9A9F26D6E70D00D80185 /* GameView.swift in Sources */,
				9BB878F5272B5EA600B7D95B /* CurentGps.swift in Sources */,
				9B90B4EC2763085C001E6801 /* ChatsViewModelMessage.swift in Sources */,
				9B2C9AB526D811BB00D80185 /* LoginView.swift in Sources */,
				9B213DD4276D69FD006CC10E /* ChatsViewModelHandleChat.swift in Sources */,
				9B2C9AB226D810C300D80185 /* ApiConfig.swift in Sources */,
				9B90B4E927630225001E6801 /* ApiChatMessage.swift in Sources */,
				9B198E9C277A623300DC79E5 /* ChatViewModal.swift in Sources */,
				9B2C9ABF26D9877B00D80185 /* Extensions.swift in Sources */,
				9B1BEC2D270BD76000370896 /* Service.swift in Sources */,
				9BB878EA272B3B9200B7D95B /* TimeClockRow.swift in Sources */,
				9BBE74C627055565009F85D2 /* SearchBar.swift in Sources */,
				9B13AEA7277F7EE30080D560 /* UimageExtensions.swift in Sources */,
				9BBE74CA27064591009F85D2 /* ChatView.swift in Sources */,
				9B950EC0277A088500145738 /* ChatAllUserService.swift in Sources */,
				9B2C9AA726D73C4D00D80185 /* FavoritesView.swift in Sources */,
				9B90B4DB2762B161001E6801 /* Trip_ListView.swift in Sources */,
				9B90B4EE2763D321001E6801 /* UserStateViewModel.swift in Sources */,
				9B2C9AB726D8134400D80185 /* LoginViewModel.swift in Sources */,
				9B2C9AA326D7140100D80185 /* Comentarios.swift in Sources */,
				9BDE04D72748ACD3008AF5DC /* IRLVNDocumentCameraScanAdditions.swift in Sources */,
				9B213DDE27797874006CC10E /* StorageCache.swift in Sources */,
				9BBE74BB2703F1A7009F85D2 /* Tools.swift in Sources */,
				9BBE74B7270299D0009F85D2 /* CodeVerifyView.swift in Sources */,
				9B2C9ABA26D8136E00D80185 /* UserModel.swift in Sources */,
				9B13AE9A277BDAD20080D560 /* BubbleReceived.swift in Sources */,
				9BB878DD272A459700B7D95B /* GetLocation.swift in Sources */,
				9BBE74BF2705280A009F85D2 /* ChatRow.swift in Sources */,
				9B90B4E02762BECA001E6801 /* TripListViewModel.swift in Sources */,
				9B13AE9C277BDE390080D560 /* ChatBubble.swift in Sources */,
				9B2C9AA526D72CFF00D80185 /* SearchGame.swift in Sources */,
				9B13AEA2277CA9390080D560 /* ChatHeader.swift in Sources */,
				9B213DD2276D5A0C006CC10E /* ChatsView+ServiceProtocol.swift in Sources */,
				9B90B4E62762FB6B001E6801 /* Chata_data_Messaage.swift in Sources */,
				9B213DD9277510EF006CC10E /* CameraCaptureViewController.swift in Sources */,
				9BDE04DD2748AE3E008AF5DC /* Exports.swift in Sources */,
				9B950EC7277A2FA400145738 /* DownloadingImageView.swift in Sources */,
				9BF040D726B8A95200A08890 /* go2dispatchApp.swift in Sources */,
				9B2C9AAF26D7FEA400D80185 /* SaveData.swift in Sources */,
			);
			runOnlyForDeploymentPostprocessing = 0;
		};
/* End PBXSourcesBuildPhase section */

/* Begin XCBuildConfiguration section */
		9BF040E026B8A95400A08890 /* Debug */ = {
			isa = XCBuildConfiguration;
			buildSettings = {
				ALWAYS_SEARCH_USER_PATHS = NO;
				CLANG_ANALYZER_NONNULL = YES;
				CLANG_ANALYZER_NUMBER_OBJECT_CONVERSION = YES_AGGRESSIVE;
				CLANG_CXX_LANGUAGE_STANDARD = "gnu++14";
				CLANG_CXX_LIBRARY = "libc++";
				CLANG_ENABLE_MODULES = YES;
				CLANG_ENABLE_OBJC_ARC = YES;
				CLANG_ENABLE_OBJC_WEAK = YES;
				CLANG_WARN_BLOCK_CAPTURE_AUTORELEASING = YES;
				CLANG_WARN_BOOL_CONVERSION = YES;
				CLANG_WARN_COMMA = YES;
				CLANG_WARN_CONSTANT_CONVERSION = YES;
				CLANG_WARN_DEPRECATED_OBJC_IMPLEMENTATIONS = YES;
				CLANG_WARN_DIRECT_OBJC_ISA_USAGE = YES_ERROR;
				CLANG_WARN_DOCUMENTATION_COMMENTS = YES;
				CLANG_WARN_EMPTY_BODY = YES;
				CLANG_WARN_ENUM_CONVERSION = YES;
				CLANG_WARN_INFINITE_RECURSION = YES;
				CLANG_WARN_INT_CONVERSION = YES;
				CLANG_WARN_NON_LITERAL_NULL_CONVERSION = YES;
				CLANG_WARN_OBJC_IMPLICIT_RETAIN_SELF = YES;
				CLANG_WARN_OBJC_LITERAL_CONVERSION = YES;
				CLANG_WARN_OBJC_ROOT_CLASS = YES_ERROR;
				CLANG_WARN_QUOTED_INCLUDE_IN_FRAMEWORK_HEADER = YES;
				CLANG_WARN_RANGE_LOOP_ANALYSIS = YES;
				CLANG_WARN_STRICT_PROTOTYPES = YES;
				CLANG_WARN_SUSPICIOUS_MOVE = YES;
				CLANG_WARN_UNGUARDED_AVAILABILITY = YES_AGGRESSIVE;
				CLANG_WARN_UNREACHABLE_CODE = YES;
				CLANG_WARN__DUPLICATE_METHOD_MATCH = YES;
				COPY_PHASE_STRIP = NO;
				DEBUG_INFORMATION_FORMAT = dwarf;
				ENABLE_STRICT_OBJC_MSGSEND = YES;
				ENABLE_TESTABILITY = YES;
				GCC_C_LANGUAGE_STANDARD = gnu11;
				GCC_DYNAMIC_NO_PIC = NO;
				GCC_NO_COMMON_BLOCKS = YES;
				GCC_OPTIMIZATION_LEVEL = 0;
				GCC_PREPROCESSOR_DEFINITIONS = (
					"DEBUG=1",
					"$(inherited)",
				);
				GCC_WARN_64_TO_32_BIT_CONVERSION = YES;
				GCC_WARN_ABOUT_RETURN_TYPE = YES_ERROR;
				GCC_WARN_UNDECLARED_SELECTOR = YES;
				GCC_WARN_UNINITIALIZED_AUTOS = YES_AGGRESSIVE;
				GCC_WARN_UNUSED_FUNCTION = YES;
				GCC_WARN_UNUSED_VARIABLE = YES;
				IPHONEOS_DEPLOYMENT_TARGET = 15.0;
				MTL_ENABLE_DEBUG_INFO = INCLUDE_SOURCE;
				MTL_FAST_MATH = YES;
				ONLY_ACTIVE_ARCH = YES;
				SDKROOT = iphoneos;
				SWIFT_ACTIVE_COMPILATION_CONDITIONS = DEBUG;
				SWIFT_OPTIMIZATION_LEVEL = "-Onone";
			};
			name = Debug;
		};
		9BF040E126B8A95400A08890 /* Release */ = {
			isa = XCBuildConfiguration;
			buildSettings = {
				ALWAYS_SEARCH_USER_PATHS = NO;
				CLANG_ANALYZER_NONNULL = YES;
				CLANG_ANALYZER_NUMBER_OBJECT_CONVERSION = YES_AGGRESSIVE;
				CLANG_CXX_LANGUAGE_STANDARD = "gnu++14";
				CLANG_CXX_LIBRARY = "libc++";
				CLANG_ENABLE_MODULES = YES;
				CLANG_ENABLE_OBJC_ARC = YES;
				CLANG_ENABLE_OBJC_WEAK = YES;
				CLANG_WARN_BLOCK_CAPTURE_AUTORELEASING = YES;
				CLANG_WARN_BOOL_CONVERSION = YES;
				CLANG_WARN_COMMA = YES;
				CLANG_WARN_CONSTANT_CONVERSION = YES;
				CLANG_WARN_DEPRECATED_OBJC_IMPLEMENTATIONS = YES;
				CLANG_WARN_DIRECT_OBJC_ISA_USAGE = YES_ERROR;
				CLANG_WARN_DOCUMENTATION_COMMENTS = YES;
				CLANG_WARN_EMPTY_BODY = YES;
				CLANG_WARN_ENUM_CONVERSION = YES;
				CLANG_WARN_INFINITE_RECURSION = YES;
				CLANG_WARN_INT_CONVERSION = YES;
				CLANG_WARN_NON_LITERAL_NULL_CONVERSION = YES;
				CLANG_WARN_OBJC_IMPLICIT_RETAIN_SELF = YES;
				CLANG_WARN_OBJC_LITERAL_CONVERSION = YES;
				CLANG_WARN_OBJC_ROOT_CLASS = YES_ERROR;
				CLANG_WARN_QUOTED_INCLUDE_IN_FRAMEWORK_HEADER = YES;
				CLANG_WARN_RANGE_LOOP_ANALYSIS = YES;
				CLANG_WARN_STRICT_PROTOTYPES = YES;
				CLANG_WARN_SUSPICIOUS_MOVE = YES;
				CLANG_WARN_UNGUARDED_AVAILABILITY = YES_AGGRESSIVE;
				CLANG_WARN_UNREACHABLE_CODE = YES;
				CLANG_WARN__DUPLICATE_METHOD_MATCH = YES;
				COPY_PHASE_STRIP = NO;
				DEBUG_INFORMATION_FORMAT = "dwarf-with-dsym";
				ENABLE_NS_ASSERTIONS = NO;
				ENABLE_STRICT_OBJC_MSGSEND = YES;
				GCC_C_LANGUAGE_STANDARD = gnu11;
				GCC_NO_COMMON_BLOCKS = YES;
				GCC_WARN_64_TO_32_BIT_CONVERSION = YES;
				GCC_WARN_ABOUT_RETURN_TYPE = YES_ERROR;
				GCC_WARN_UNDECLARED_SELECTOR = YES;
				GCC_WARN_UNINITIALIZED_AUTOS = YES_AGGRESSIVE;
				GCC_WARN_UNUSED_FUNCTION = YES;
				GCC_WARN_UNUSED_VARIABLE = YES;
				IPHONEOS_DEPLOYMENT_TARGET = 15.0;
				MTL_ENABLE_DEBUG_INFO = NO;
				MTL_FAST_MATH = YES;
				SDKROOT = iphoneos;
				SWIFT_COMPILATION_MODE = wholemodule;
				SWIFT_OPTIMIZATION_LEVEL = "-O";
				VALIDATE_PRODUCT = YES;
			};
			name = Release;
		};
		9BF040E326B8A95400A08890 /* Debug */ = {
			isa = XCBuildConfiguration;
			buildSettings = {
				ASSETCATALOG_COMPILER_APPICON_NAME = AppIcon;
				ASSETCATALOG_COMPILER_GLOBAL_ACCENT_COLOR_NAME = AccentColor;
				CODE_SIGN_ENTITLEMENTS = go2dispatch/go2dispatch.entitlements;
				CODE_SIGN_STYLE = Automatic;
				DEVELOPMENT_ASSET_PATHS = "\"go2dispatch/Preview Content\"";
				DEVELOPMENT_TEAM = E5Y3U35KBZ;
				ENABLE_PREVIEWS = YES;
				INFOPLIST_FILE = go2dispatch/Info.plist;
				IPHONEOS_DEPLOYMENT_TARGET = 14.0;
				LD_RUNPATH_SEARCH_PATHS = (
					"$(inherited)",
					"@executable_path/Frameworks",
				);
				PRODUCT_BUNDLE_IDENTIFIER = net.gotologistics.go2dispatch;
				PRODUCT_NAME = "$(TARGET_NAME)";
				SWIFT_VERSION = 5.0;
				TARGETED_DEVICE_FAMILY = "1,2";
			};
			name = Debug;
		};
		9BF040E426B8A95400A08890 /* Release */ = {
			isa = XCBuildConfiguration;
			buildSettings = {
				ASSETCATALOG_COMPILER_APPICON_NAME = AppIcon;
				ASSETCATALOG_COMPILER_GLOBAL_ACCENT_COLOR_NAME = AccentColor;
				CODE_SIGN_ENTITLEMENTS = go2dispatch/go2dispatch.entitlements;
				CODE_SIGN_STYLE = Automatic;
				DEVELOPMENT_ASSET_PATHS = "\"go2dispatch/Preview Content\"";
				DEVELOPMENT_TEAM = E5Y3U35KBZ;
				ENABLE_PREVIEWS = YES;
				INFOPLIST_FILE = go2dispatch/Info.plist;
				IPHONEOS_DEPLOYMENT_TARGET = 14.0;
				LD_RUNPATH_SEARCH_PATHS = (
					"$(inherited)",
					"@executable_path/Frameworks",
				);
				PRODUCT_BUNDLE_IDENTIFIER = net.gotologistics.go2dispatch;
				PRODUCT_NAME = "$(TARGET_NAME)";
				SWIFT_VERSION = 5.0;
				TARGETED_DEVICE_FAMILY = "1,2";
			};
			name = Release;
		};
/* End XCBuildConfiguration section */

/* Begin XCConfigurationList section */
		9BF040CE26B8A95200A08890 /* Build configuration list for PBXProject "go2dispatch" */ = {
			isa = XCConfigurationList;
			buildConfigurations = (
				9BF040E026B8A95400A08890 /* Debug */,
				9BF040E126B8A95400A08890 /* Release */,
			);
			defaultConfigurationIsVisible = 0;
			defaultConfigurationName = Release;
		};
		9BF040E226B8A95400A08890 /* Build configuration list for PBXNativeTarget "go2dispatch" */ = {
			isa = XCConfigurationList;
			buildConfigurations = (
				9BF040E326B8A95400A08890 /* Debug */,
				9BF040E426B8A95400A08890 /* Release */,
			);
			defaultConfigurationIsVisible = 0;
			defaultConfigurationName = Release;
		};
/* End XCConfigurationList section */

/* Begin XCRemoteSwiftPackageReference section */
		9B13AEA3277E7AB90080D560 /* XCRemoteSwiftPackageReference "Alamofire" */ = {
			isa = XCRemoteSwiftPackageReference;
			repositoryURL = "https://github.com/Alamofire/Alamofire.git";
			requirement = {
				branch = master;
				kind = branch;
			};
		};
		9B1BEC2E270FC91100370896 /* XCRemoteSwiftPackageReference "socket.io-client-swift" */ = {
			isa = XCRemoteSwiftPackageReference;
			repositoryURL = "https://github.com/socketio/socket.io-client-swift.git";
			requirement = {
				kind = exactVersion;
				version = 15.2.0;
			};
		};
		9B2C9A9A26D6E0F000D80185 /* XCRemoteSwiftPackageReference "Kingfisher" */ = {
			isa = XCRemoteSwiftPackageReference;
			repositoryURL = "https://github.com/onevcat/Kingfisher.git";
			requirement = {
				kind = upToNextMajorVersion;
				minimumVersion = 6.3.1;
			};
		};
		9BB87902272B797100B7D95B /* XCRemoteSwiftPackageReference "SwiftLocation" */ = {
			isa = XCRemoteSwiftPackageReference;
			repositoryURL = "https://github.com/malcommac/SwiftLocation.git";
			requirement = {
				kind = upToNextMajorVersion;
				minimumVersion = 5.0.0;
			};
		};
		9BBE74B3270293BD009F85D2 /* XCRemoteSwiftPackageReference "iPhoneNumberField" */ = {
			isa = XCRemoteSwiftPackageReference;
			repositoryURL = "https://github.com/MojtabaHs/iPhoneNumberField.git";
			requirement = {
				kind = upToNextMajorVersion;
				minimumVersion = 0.6.1;
			};
		};
		9BCFF032275831F5002CFBD5 /* XCRemoteSwiftPackageReference "SDWebImage" */ = {
			isa = XCRemoteSwiftPackageReference;
			repositoryURL = "https://github.com/SDWebImage/SDWebImage.git";
			requirement = {
				kind = upToNextMajorVersion;
				minimumVersion = 5.0.0;
			};
		};
/* End XCRemoteSwiftPackageReference section */

/* Begin XCSwiftPackageProductDependency section */
		9B13AEA4277E7ABA0080D560 /* Alamofire */ = {
			isa = XCSwiftPackageProductDependency;
			package = 9B13AEA3277E7AB90080D560 /* XCRemoteSwiftPackageReference "Alamofire" */;
			productName = Alamofire;
		};
		9B1BEC2F270FC91100370896 /* SocketIO */ = {
			isa = XCSwiftPackageProductDependency;
			package = 9B1BEC2E270FC91100370896 /* XCRemoteSwiftPackageReference "socket.io-client-swift" */;
			productName = SocketIO;
		};
		9B2C9A9B26D6E0F000D80185 /* Kingfisher */ = {
			isa = XCSwiftPackageProductDependency;
			package = 9B2C9A9A26D6E0F000D80185 /* XCRemoteSwiftPackageReference "Kingfisher" */;
			productName = Kingfisher;
		};
		9BB87903272B797100B7D95B /* SwiftLocation */ = {
			isa = XCSwiftPackageProductDependency;
			package = 9BB87902272B797100B7D95B /* XCRemoteSwiftPackageReference "SwiftLocation" */;
			productName = SwiftLocation;
		};
		9BBE74B4270293BD009F85D2 /* iPhoneNumberField */ = {
			isa = XCSwiftPackageProductDependency;
			package = 9BBE74B3270293BD009F85D2 /* XCRemoteSwiftPackageReference "iPhoneNumberField" */;
			productName = iPhoneNumberField;
		};
		9BCFF033275831F6002CFBD5 /* SDWebImage */ = {
			isa = XCSwiftPackageProductDependency;
			package = 9BCFF032275831F5002CFBD5 /* XCRemoteSwiftPackageReference "SDWebImage" */;
			productName = SDWebImage;
		};
/* End XCSwiftPackageProductDependency section */

/* Begin XCVersionGroup section */
		9B1BEC202707ACFA00370896 /* go2dispatch.xcdatamodeld */ = {
			isa = XCVersionGroup;
			children = (
				9B1BEC212707ACFA00370896 /* go2dispatch.xcdatamodel */,
			);
			currentVersion = 9B1BEC212707ACFA00370896 /* go2dispatch.xcdatamodel */;
			path = go2dispatch.xcdatamodeld;
			sourceTree = "<group>";
			versionGroupType = wrapper.xcdatamodel;
		};
/* End XCVersionGroup section */
	};
	rootObject = 9BF040CB26B8A95200A08890 /* Project object */;
}
